# @generated - this file is auto-generated by `mise lock` https://mise.jdx.dev/dev-tools/mise-lock.html

[[tools.goreleaser]]
version = "2.15.4"
backend = "aqua:goreleaser/goreleaser"

[tools.goreleaser."platforms.linux-arm64"]
checksum = "sha256:de01ca1497571e9b348413cd2e7f74be49b8d57696ae386f7eedd06176544a88"
url = "https://github.com/goreleaser/goreleaser/releases/download/v2.15.4/goreleaser_Linux_arm64.tar.gz"
provenance = "github-attestations"

[tools.goreleaser."platforms.linux-arm64-musl"]
checksum = "sha256:de01ca1497571e9b348413cd2e7f74be49b8d57696ae386f7eedd06176544a88"
url = "https://github.com/goreleaser/goreleaser/releases/download/v2.15.4/goreleaser_Linux_arm64.tar.gz"
provenance = "github-attestations"

[tools.goreleaser."platforms.linux-x64"]
checksum = "sha256:aae00c71a4a6d55e08cce9273a1516bdce33c1e07cffb7e502fa6fec4377dede"
url = "https://github.com/goreleaser/goreleaser/releases/download/v2.15.4/goreleaser_Linux_x86_64.tar.gz"
provenance = "github-attestations"

[tools.goreleaser."platforms.linux-x64-musl"]
checksum = "sha256:aae00c71a4a6d55e08cce9273a1516bdce33c1e07cffb7e502fa6fec4377dede"
url = "https://github.com/goreleaser/goreleaser/releases/download/v2.15.4/goreleaser_Linux_x86_64.tar.gz"
provenance = "github-attestations"

[tools.goreleaser."platforms.macos-arm64"]
checksum = "sha256:82d730f3366350c90d7e5df3cf9e8e425fd1c84bf7d7e3e564f92d97c5ea9ea4"
url = "https://github.com/goreleaser/goreleaser/releases/download/v2.15.4/goreleaser_Darwin_all.tar.gz"
provenance = "github-attestations"

[tools.goreleaser."platforms.macos-x64"]
checksum = "sha256:82d730f3366350c90d7e5df3cf9e8e425fd1c84bf7d7e3e564f92d97c5ea9ea4"
url = "https://github.com/goreleaser/goreleaser/releases/download/v2.15.4/goreleaser_Darwin_all.tar.gz"
provenance = "github-attestations"

[tools.goreleaser."platforms.windows-x64"]
checksum = "sha256:146695f49717dfd79d64d5d6f4b1d25e2b56d73e723bbf68a8dc13ce5cf69693"
url = "https://github.com/goreleaser/goreleaser/releases/download/v2.15.4/goreleaser_Windows_x86_64.zip"
provenance = "github-attestations"

[[tools.rust]]
version = "1.95.0"
backend = "core:rust"

[[tools.rust-analyzer]]
version = "2026-05-11"
backend = "aqua:rust-lang/rust-analyzer"

[tools.rust-analyzer."platforms.linux-arm64"]
checksum = "sha256:dbe8c4c0bed79f36133c9d0a0eb629709d91343e065a179cd4a5f8137817de1c"
url = "https://github.com/rust-lang/rust-analyzer/releases/download/2026-05-11/rust-analyzer-aarch64-unknown-linux-gnu.gz"

[tools.rust-analyzer."platforms.linux-arm64-musl"]
checksum = "sha256:dbe8c4c0bed79f36133c9d0a0eb629709d91343e065a179cd4a5f8137817de1c"
url = "https://github.com/rust-lang/rust-analyzer/releases/download/2026-05-11/rust-analyzer-aarch64-unknown-linux-gnu.gz"

[tools.rust-analyzer."platforms.linux-x64"]
checksum = "sha256:ede62b8536a37c90d804850d0bed3623e3d6af90a1195e4930a1627e5d8ae33f"
url = "https://github.com/rust-lang/rust-analyzer/releases/download/2026-05-11/rust-analyzer-x86_64-unknown-linux-gnu.gz"

[tools.rust-analyzer."platforms.linux-x64-musl"]
checksum = "sha256:ede62b8536a37c90d804850d0bed3623e3d6af90a1195e4930a1627e5d8ae33f"
url = "https://github.com/rust-lang/rust-analyzer/releases/download/2026-05-11/rust-analyzer-x86_64-unknown-linux-gnu.gz"

[tools.rust-analyzer."platforms.macos-arm64"]
checksum = "sha256:eeb6367cd2c6cc9217ae06cea2e0c7e9cf20cdac5e934a1b272b13c76ece5aee"
url = "https://github.com/rust-lang/rust-analyzer/releases/download/2026-05-11/rust-analyzer-aarch64-apple-darwin.gz"

[tools.rust-analyzer."platforms.macos-x64"]
checksum = "sha256:718398822ec2f282bca36f6f109bbbb33746437e1a63946fe7fd3d84d502a67d"
url = "https://github.com/rust-lang/rust-analyzer/releases/download/2026-05-11/rust-analyzer-x86_64-apple-darwin.gz"

[tools.rust-analyzer."platforms.windows-x64"]
checksum = "sha256:1600365f2d8b0e42a811eafb5e129b75b991ddf9d9955d19d8fc2f4f2b9c19ef"
url = "https://github.com/rust-lang/rust-analyzer/releases/download/2026-05-11/rust-analyzer-x86_64-pc-windows-msvc.zip"

[[tools.sccache]]
version = "0.15.0"
backend = "aqua:mozilla/sccache"

[tools.sccache."platforms.linux-arm64"]
checksum = "sha256:3a6a3712b49da3d263bf2d30d702de4302793016019e800bfb81c0c69401d8f8"
url = "https://github.com/mozilla/sccache/releases/download/v0.15.0/sccache-v0.15.0-aarch64-unknown-linux-musl.tar.gz"

[tools.sccache."platforms.linux-arm64-musl"]
checksum = "sha256:3a6a3712b49da3d263bf2d30d702de4302793016019e800bfb81c0c69401d8f8"
url = "https://github.com/mozilla/sccache/releases/download/v0.15.0/sccache-v0.15.0-aarch64-unknown-linux-musl.tar.gz"

[tools.sccache."platforms.linux-x64"]
checksum = "sha256:782d2b5dd7ae0a55ebe368ab258114d0928d019ac2d949ab85d5d02f3926709e"
url = "https://github.com/mozilla/sccache/releases/download/v0.15.0/sccache-v0.15.0-x86_64-unknown-linux-musl.tar.gz"

[tools.sccache."platforms.linux-x64-musl"]
checksum = "sha256:782d2b5dd7ae0a55ebe368ab258114d0928d019ac2d949ab85d5d02f3926709e"
url = "https://github.com/mozilla/sccache/releases/download/v0.15.0/sccache-v0.15.0-x86_64-unknown-linux-musl.tar.gz"

[tools.sccache."platforms.macos-arm64"]
checksum = "sha256:430ef7b5f54256d3ed5bfe77e8b0afc51aa209aeebe4f95b69c3a52ce3acc6e9"
url = "https://github.com/mozilla/sccache/releases/download/v0.15.0/sccache-v0.15.0-aarch64-apple-darwin.tar.gz"

[tools.sccache."platforms.macos-x64"]
checksum = "sha256:f8da93e0689122268f720ddb48c8357f3da18be8c88aff23a8e75a7a219367db"
url = "https://github.com/mozilla/sccache/releases/download/v0.15.0/sccache-v0.15.0-x86_64-apple-darwin.tar.gz"

[tools.sccache."platforms.windows-x64"]
checksum = "sha256:b0b257a164bf438b2dea134ca7ded41c100f59a64b3bf275a202f1e8102ab217"
url = "https://github.com/mozilla/sccache/releases/download/v0.15.0/sccache-v0.15.0-x86_64-pc-windows-msvc.tar.gz"
